// !$*UTF8*$!
{
	archiveVersion = 1;
	classes = {
	};
	objectVersion = 46;
	objects = {

/* Begin PBXBuildFile section */
		F93702881989710C006080C8 /* Foundation.framework in Frameworks */ = {isa = PBXBuildFile; fileRef = F93702871989710C006080C8 /* Foundation.framework */; };
		F937028A1989710C006080C8 /* CoreGraphics.framework in Frameworks */ = {isa = PBXBuildFile; fileRef = F93702891989710C006080C8 /* CoreGraphics.framework */; };
		F937028C1989710C006080C8 /* UIKit.framework in Frameworks */ = {isa = PBXBuildFile; fileRef = F937028B1989710C006080C8 /* UIKit.framework */; };
		F93702921989710C006080C8 /* InfoPlist.strings in Resources */ = {isa = PBXBuildFile; fileRef = F93702901989710C006080C8 /* InfoPlist.strings */; };
		F93702941989710C006080C8 /* main.m in Sources */ = {isa = PBXBuildFile; fileRef = F93702931989710C006080C8 /* main.m */; };
		F93702981989710C006080C8 /* AppDelegate.m in Sources */ = {isa = PBXBuildFile; fileRef = F93702971989710C006080C8 /* AppDelegate.m */; };
		F937029B1989710C006080C8 /* Main.storyboard in Resources */ = {isa = PBXBuildFile; fileRef = F93702991989710C006080C8 /* Main.storyboard */; };
		F937029E1989710C006080C8 /* RootViewController.m in Sources */ = {isa = PBXBuildFile; fileRef = F937029D1989710C006080C8 /* RootViewController.m */; };
		F93702A01989710C006080C8 /* Images.xcassets in Resources */ = {isa = PBXBuildFile; fileRef = F937029F1989710C006080C8 /* Images.xcassets */; };
		F93702A71989710C006080C8 /* XCTest.framework in Frameworks */ = {isa = PBXBuildFile; fileRef = F93702A61989710C006080C8 /* XCTest.framework */; };
		F93702A81989710C006080C8 /* Foundation.framework in Frameworks */ = {isa = PBXBuildFile; fileRef = F93702871989710C006080C8 /* Foundation.framework */; };
		F93702A91989710C006080C8 /* UIKit.framework in Frameworks */ = {isa = PBXBuildFile; fileRef = F937028B1989710C006080C8 /* UIKit.framework */; };
		F93702B11989710C006080C8 /* InfoPlist.strings in Resources */ = {isa = PBXBuildFile; fileRef = F93702AF1989710C006080C8 /* InfoPlist.strings */; };
		F93702B31989710C006080C8 /* FarkleTests.m in Sources */ = {isa = PBXBuildFile; fileRef = F93702B21989710C006080C8 /* FarkleTests.m */; };
		F93702BE198971C9006080C8 /* DieLabel.m in Sources */ = {isa = PBXBuildFile; fileRef = F93702BD198971C9006080C8 /* DieLabel.m */; };
		F93702C0198971F5006080C8 /* CheckMate.framework in Frameworks */ = {isa = PBXBuildFile; fileRef = F93702BF198971F5006080C8 /* CheckMate.framework */; };
/* End PBXBuildFile section */

/* Begin PBXContainerItemProxy section */
		F93702AA1989710C006080C8 /* PBXContainerItemProxy */ = {
			isa = PBXContainerItemProxy;
			containerPortal = F937027C1989710C006080C8 /* Project object */;
			proxyType = 1;
			remoteGlobalIDString = F93702831989710C006080C8;
			remoteInfo = Farkle;
		};
/* End PBXContainerItemProxy section */

/* Begin PBXFileReference section */
		F93702841989710C006080C8 /* Farkle.app */ = {isa = PBXFileReference; explicitFileType = wrapper.application; includeInIndex = 0; path = Farkle.app; sourceTree = BUILT_PRODUCTS_DIR; };
		F93702871989710C006080C8 /* Foundation.framework */ = {isa = PBXFileReference; lastKnownFileType = wrapper.framework; name = Foundation.framework; path = System/Library/Frameworks/Foundation.framework; sourceTree = SDKROOT; };
		F93702891989710C006080C8 /* CoreGraphics.framework */ = {isa = PBXFileReference; lastKnownFileType = wrapper.framework; name = CoreGraphics.framework; path = System/Library/Frameworks/CoreGraphics.framework; sourceTree = SDKROOT; };
		F937028B1989710C006080C8 /* UIKit.framework */ = {isa = PBXFileReference; lastKnownFileType = wrapper.framework; name = UIKit.framework; path = System/Library/Frameworks/UIKit.framework; sourceTree = SDKROOT; };
		F937028F1989710C006080C8 /* Farkle-Info.plist */ = {isa = PBXFileReference; lastKnownFileType = text.plist.xml; path = "Farkle-Info.plist"; sourceTree = "<group>"; };
		F93702911989710C006080C8 /* en */ = {isa = PBXFileReference; lastKnownFileType = text.plist.strings; name = en; path = en.lproj/InfoPlist.strings; sourceTree = "<group>"; };
		F93702931989710C006080C8 /* main.m */ = {isa = PBXFileReference; lastKnownFileType = sourcecode.c.objc; path = main.m; sourceTree = "<group>"; };
		F93702951989710C006080C8 /* Farkle-Prefix.pch */ = {isa = PBXFileReference; lastKnownFileType = sourcecode.c.h; path = "Farkle-Prefix.pch"; sourceTree = "<group>"; };
		F93702961989710C006080C8 /* AppDelegate.h */ = {isa = PBXFileReference; lastKnownFileType = sourcecode.c.h; path = AppDelegate.h; sourceTree = "<group>"; };
		F93702971989710C006080C8 /* AppDelegate.m */ = {isa = PBXFileReference; lastKnownFileType = sourcecode.c.objc; path = AppDelegate.m; sourceTree = "<group>"; };
		F937029A1989710C006080C8 /* Base */ = {isa = PBXFileReference; lastKnownFileType = file.storyboard; name = Base; path = Base.lproj/Main.storyboard; sourceTree = "<group>"; };
		F937029C1989710C006080C8 /* RootViewController.h */ = {isa = PBXFileReference; lastKnownFileType = sourcecode.c.h; path = RootViewController.h; sourceTree = "<group>"; };
		F937029D1989710C006080C8 /* RootViewController.m */ = {isa = PBXFileReference; lastKnownFileType = sourcecode.c.objc; path = RootViewController.m; sourceTree = "<group>"; };
		F937029F1989710C006080C8 /* Images.xcassets */ = {isa = PBXFileReference; lastKnownFileType = folder.assetcatalog; path = Images.xcassets; sourceTree = "<group>"; };
		F93702A51989710C006080C8 /* FarkleTests.xctest */ = {isa = PBXFileReference; explicitFileType = wrapper.cfbundle; includeInIndex = 0; path = FarkleTests.xctest; sourceTree = BUILT_PRODUCTS_DIR; };
		F93702A61989710C006080C8 /* XCTest.framework */ = {isa = PBXFileReference; lastKnownFileType = wrapper.framework; name = XCTest.framework; path = Library/Frameworks/XCTest.framework; sourceTree = DEVELOPER_DIR; };
		F93702AE1989710C006080C8 /* FarkleTests-Info.plist */ = {isa = PBXFileReference; lastKnownFileType = text.plist.xml; path = "FarkleTests-Info.plist"; sourceTree = "<group>"; };
		F93702B01989710C006080C8 /* en */ = {isa = PBXFileReference; lastKnownFileType = text.plist.strings; name = en; path = en.lproj/InfoPlist.strings; sourceTree = "<group>"; };
		F93702B21989710C006080C8 /* FarkleTests.m */ = {isa = PBXFileReference; lastKnownFileType = sourcecode.c.objc; path = FarkleTests.m; sourceTree = "<group>"; };
		F93702BC198971C9006080C8 /* DieLabel.h */ = {isa = PBXFileReference; fileEncoding = 4; lastKnownFileType = sourcecode.c.h; path = DieLabel.h; sourceTree = "<group>"; };
		F93702BD198971C9006080C8 /* DieLabel.m */ = {isa = PBXFileReference; fileEncoding = 4; lastKnownFileType = sourcecode.c.objc; path = DieLabel.m; sourceTree = "<group>"; };
		F93702BF198971F5006080C8 /* CheckMate.framework */ = {isa = PBXFileReference; lastKnownFileType = wrapper.framework; path = CheckMate.framework; sourceTree = "<group>"; };
/* End PBXFileReference section */

/* Begin PBXFrameworksBuildPhase section */
		F93702811989710C006080C8 /* Frameworks */ = {
			isa = PBXFrameworksBuildPhase;
			buildActionMask = 2147483647;
			files = (
				F93702C0198971F5006080C8 /* CheckMate.framework in Frameworks */,
				F937028A1989710C006080C8 /* CoreGraphics.framework in Frameworks */,
				F937028C1989710C006080C8 /* UIKit.framework in Frameworks */,
				F93702881989710C006080C8 /* Foundation.framework in Frameworks */,
			);
			runOnlyForDeploymentPostprocessing = 0;
		};
		F93702A21989710C006080C8 /* Frameworks */ = {
			isa = PBXFrameworksBuildPhase;
			buildActionMask = 2147483647;
			files = (
				F93702A71989710C006080C8 /* XCTest.framework in Frameworks */,
				F93702A91989710C006080C8 /* UIKit.framework in Frameworks */,
				F93702A81989710C006080C8 /* Foundation.framework in Frameworks */,
			);
			runOnlyForDeploymentPostprocessing = 0;
		};
/* End PBXFrameworksBuildPhase section */

/* Begin PBXGroup section */
		F937027B1989710C006080C8 = {
			isa = PBXGroup;
			children = (
				F937028D1989710C006080C8 /* Farkle */,
				F93702AC1989710C006080C8 /* FarkleTests */,
				F93702861989710C006080C8 /* Frameworks */,
				F93702851989710C006080C8 /* Products */,
			);
			sourceTree = "<group>";
		};
		F93702851989710C006080C8 /* Products */ = {
			isa = PBXGroup;
			children = (
				F93702841989710C006080C8 /* Farkle.app */,
				F93702A51989710C006080C8 /* FarkleTests.xctest */,
			);
			name = Products;
			sourceTree = "<group>";
		};
		F93702861989710C006080C8 /* Frameworks */ = {
			isa = PBXGroup;
			children = (
				F93702BF198971F5006080C8 /* CheckMate.framework */,
				F93702871989710C006080C8 /* Foundation.framework */,
				F93702891989710C006080C8 /* CoreGraphics.framework */,
				F937028B1989710C006080C8 /* UIKit.framework */,
				F93702A61989710C006080C8 /* XCTest.framework */,
			);
			name = Frameworks;
			sourceTree = "<group>";
		};
		F937028D1989710C006080C8 /* Farkle */ = {
			isa = PBXGroup;
			children = (
				F93702961989710C006080C8 /* AppDelegate.h */,
				F93702971989710C006080C8 /* AppDelegate.m */,
				F93702991989710C006080C8 /* Main.storyboard */,
				F937029C1989710C006080C8 /* RootViewController.h */,
				F937029D1989710C006080C8 /* RootViewController.m */,
				F937029F1989710C006080C8 /* Images.xcassets */,
				F937028E1989710C006080C8 /* Supporting Files */,
				F93702BC198971C9006080C8 /* DieLabel.h */,
				F93702BD198971C9006080C8 /* DieLabel.m */,
			);
			path = Farkle;
			sourceTree = "<group>";
		};
		F937028E1989710C006080C8 /* Supporting Files */ = {
			isa = PBXGroup;
			children = (
				F937028F1989710C006080C8 /* Farkle-Info.plist */,
				F93702901989710C006080C8 /* InfoPlist.strings */,
				F93702931989710C006080C8 /* main.m */,
				F93702951989710C006080C8 /* Farkle-Prefix.pch */,
			);
			name = "Supporting Files";
			sourceTree = "<group>";
		};
		F93702AC1989710C006080C8 /* FarkleTests */ = {
			isa = PBXGroup;
			children = (
				F93702B21989710C006080C8 /* FarkleTests.m */,
				F93702AD1989710C006080C8 /* Supporting Files */,
			);
			path = FarkleTests;
			sourceTree = "<group>";
		};
		F93702AD1989710C006080C8 /* Supporting Files */ = {
			isa = PBXGroup;
			children = (
				F93702AE1989710C006080C8 /* FarkleTests-Info.plist */,
				F93702AF1989710C006080C8 /* InfoPlist.strings */,
			);
			name = "Supporting Files";
			sourceTree = "<group>";
		};
/* End PBXGroup section */

/* Begin PBXNativeTarget section */
		F93702831989710C006080C8 /* Farkle */ = {
			isa = PBXNativeTarget;
			buildConfigurationList = F93702B61989710C006080C8 /* Build configuration list for PBXNativeTarget "Farkle" */;
			buildPhases = (
				F93702801989710C006080C8 /* Sources */,
				F93702811989710C006080C8 /* Frameworks */,
				F93702821989710C006080C8 /* Resources */,
			);
			buildRules = (
			);
			dependencies = (
			);
			name = Farkle;
			productName = Farkle;
			productReference = F93702841989710C006080C8 /* Farkle.app */;
			productType = "com.apple.product-type.application";
		};
		F93702A41989710C006080C8 /* FarkleTests */ = {
			isa = PBXNativeTarget;
			buildConfigurationList = F93702B91989710C006080C8 /* Build configuration list for PBXNativeTarget "FarkleTests" */;
			buildPhases = (
				F93702A11989710C006080C8 /* Sources */,
				F93702A21989710C006080C8 /* Frameworks */,
				F93702A31989710C006080C8 /* Resources */,
			);
			buildRules = (
			);
			dependencies = (
				F93702AB1989710C006080C8 /* PBXTargetDependency */,
			);
			name = FarkleTests;
			productName = FarkleTests;
			productReference = F93702A51989710C006080C8 /* FarkleTests.xctest */;
			productType = "com.apple.product-type.bundle.unit-test";
		};
/* End PBXNativeTarget section */

/* Begin PBXProject section */
		F937027C1989710C006080C8 /* Project object */ = {
			isa = PBXProject;
			attributes = {
				LastUpgradeCheck = 0510;
				ORGANIZATIONNAME = "___FULLUSERNAME___";
				TargetAttributes = {
					F93702A41989710C006080C8 = {
						TestTargetID = F93702831989710C006080C8;
					};
				};
			};
			buildConfigurationList = F937027F1989710C006080C8 /* Build configuration list for PBXProject "Farkle" */;
			compatibilityVersion = "Xcode 3.2";
			developmentRegion = English;
			hasScannedForEncodings = 0;
			knownRegions = (
				en,
				Base,
			);
			mainGroup = F937027B1989710C006080C8;
			productRefGroup = F93702851989710C006080C8 /* Products */;
			projectDirPath = "";
			projectRoot = "";
			targets = (
				F93702831989710C006080C8 /* Farkle */,
				F93702A41989710C006080C8 /* FarkleTests */,
			);
		};
/* End PBXProject section */

/* Begin PBXResourcesBuildPhase section */
		F93702821989710C006080C8 /* Resources */ = {
			isa = PBXResourcesBuildPhase;
			buildActionMask = 2147483647;
			files = (
				F93702A01989710C006080C8 /* Images.xcassets in Resources */,
				F93702921989710C006080C8 /* InfoPlist.strings in Resources */,
				F937029B1989710C006080C8 /* Main.storyboard in Resources */,
			);
			runOnlyForDeploymentPostprocessing = 0;
		};
		F93702A31989710C006080C8 /* Resources */ = {
			isa = PBXResourcesBuildPhase;
			buildActionMask = 2147483647;
			files = (
				F93702B11989710C006080C8 /* InfoPlist.strings in Resources */,
			);
			runOnlyForDeploymentPostprocessing = 0;
		};
/* End PBXResourcesBuildPhase section */

/* Begin PBXSourcesBuildPhase section */
		F93702801989710C006080C8 /* Sources */ = {
			isa = PBXSourcesBuildPhase;
			buildActionMask = 2147483647;
			files = (
				F937029E1989710C006080C8 /* RootViewController.m in Sources */,
				F93702981989710C006080C8 /* AppDelegate.m in Sources */,
				F93702941989710C006080C8 /* main.m in Sources */,
				F93702BE198971C9006080C8 /* DieLabel.m in Sources */,
			);
			runOnlyForDeploymentPostprocessing = 0;
		};
		F93702A11989710C006080C8 /* Sources */ = {
			isa = PBXSourcesBuildPhase;
			buildActionMask = 2147483647;
			files = (
				F93702B31989710C006080C8 /* FarkleTests.m in Sources */,
			);
			runOnlyForDeploymentPostprocessing = 0;
		};
/* End PBXSourcesBuildPhase section */

/* Begin PBXTargetDependency section */
		F93702AB1989710C006080C8 /* PBXTargetDependency */ = {
			isa = PBXTargetDependency;
			target = F93702831989710C006080C8 /* Farkle */;
			targetProxy = F93702AA1989710C006080C8 /* PBXContainerItemProxy */;
		};
/* End PBXTargetDependency section */

/* Begin PBXVariantGroup section */
		F93702901989710C006080C8 /* InfoPlist.strings */ = {
			isa = PBXVariantGroup;
			children = (
				F93702911989710C006080C8 /* en */,
			);
			name = InfoPlist.strings;
			sourceTree = "<group>";
		};
		F93702991989710C006080C8 /* Main.storyboard */ = {
			isa = PBXVariantGroup;
			children = (
				F937029A1989710C006080C8 /* Base */,
			);
			name = Main.storyboard;
			sourceTree = "<group>";
		};
		F93702AF1989710C006080C8 /* InfoPlist.strings */ = {
			isa = PBXVariantGroup;
			children = (
				F93702B01989710C006080C8 /* en */,
			);
			name = InfoPlist.strings;
			sourceTree = "<group>";
		};
/* End PBXVariantGroup section */

/* Begin XCBuildConfiguration section */
		F93702B41989710C006080C8 /* Debug */ = {
			isa = XCBuildConfiguration;
			buildSettings = {
				ALWAYS_SEARCH_USER_PATHS = NO;
				CLANG_CXX_LANGUAGE_STANDARD = "gnu++0x";
				CLANG_CXX_LIBRARY = "libc++";
				CLANG_ENABLE_MODULES = YES;
				CLANG_ENABLE_OBJC_ARC = YES;
				CLANG_WARN_BOOL_CONVERSION = YES;
				CLANG_WARN_CONSTANT_CONVERSION = YES;
				CLANG_WARN_DIRECT_OBJC_ISA_USAGE = YES_ERROR;
				CLANG_WARN_EMPTY_BODY = YES;
				CLANG_WARN_ENUM_CONVERSION = YES;
				CLANG_WARN_INT_CONVERSION = YES;
				CLANG_WARN_OBJC_ROOT_CLASS = YES_ERROR;
				CLANG_WARN__DUPLICATE_METHOD_MATCH = YES;
				"CODE_SIGN_IDENTITY[sdk=iphoneos*]" = "iPhone Developer";
				COPY_PHASE_STRIP = NO;
				GCC_C_LANGUAGE_STANDARD = gnu99;
				GCC_DYNAMIC_NO_PIC = NO;
				GCC_OPTIMIZATION_LEVEL = 0;
				GCC_PREPROCESSOR_DEFINITIONS = (
					"DEBUG=1",
					"$(inherited)",
				);
				GCC_SYMBOLS_PRIVATE_EXTERN = NO;
				GCC_WARN_64_TO_32_BIT_CONVERSION = YES;
				GCC_WARN_ABOUT_RETURN_TYPE = YES_ERROR;
				GCC_WARN_UNDECLARED_SELECTOR = YES;
				GCC_WARN_UNINITIALIZED_AUTOS = YES_AGGRESSIVE;
				GCC_WARN_UNUSED_FUNCTION = YES;
				GCC_WARN_UNUSED_VARIABLE = YES;
				IPHONEOS_DEPLOYMENT_TARGET = 7.1;
				ONLY_ACTIVE_ARCH = YES;
				SDKROOT = iphoneos;
			};
			name = Debug;
		};
		F93702B51989710C006080C8 /* Release */ = {
			isa = XCBuildConfiguration;
			buildSettings = {
				ALWAYS_SEARCH_USER_PATHS = NO;
				CLANG_CXX_LANGUAGE_STANDARD = "gnu++0x";
				CLANG_CXX_LIBRARY = "libc++";
				CLANG_ENABLE_MODULES = YES;
				CLANG_ENABLE_OBJC_ARC = YES;
				CLANG_WARN_BOOL_CONVERSION = YES;
				CLANG_WARN_CONSTANT_CONVERSION = YES;
				CLANG_WARN_DIRECT_OBJC_ISA_USAGE = YES_ERROR;
				CLANG_WARN_EMPTY_BODY = YES;
				CLANG_WARN_ENUM_CONVERSION = YES;
				CLANG_WARN_INT_CONVERSION = YES;
				CLANG_WARN_OBJC_ROOT_CLASS = YES_ERROR;
				CLANG_WARN__DUPLICATE_METHOD_MATCH = YES;
				"CODE_SIGN_IDENTITY[sdk=iphoneos*]" = "iPhone Developer";
				COPY_PHASE_STRIP = YES;
				ENABLE_NS_ASSERTIONS = NO;
				GCC_C_LANGUAGE_STANDARD = gnu99;
				GCC_WARN_64_TO_32_BIT_CONVERSION = YES;
				GCC_WARN_ABOUT_RETURN_TYPE = YES_ERROR;
				GCC_WARN_UNDECLARED_SELECTOR = YES;
				GCC_WARN_UNINITIALIZED_AUTOS = YES_AGGRESSIVE;
				GCC_WARN_UNUSED_FUNCTION = YES;
				GCC_WARN_UNUSED_VARIABLE = YES;
				IPHONEOS_DEPLOYMENT_TARGET = 7.1;
				SDKROOT = iphoneos;
				VALIDATE_PRODUCT = YES;
			};
			name = Release;
		};
		F93702B71989710C006080C8 /* Debug */ = {
			isa = XCBuildConfiguration;
			buildSettings = {
				ASSETCATALOG_COMPILER_APPICON_NAME = AppIcon;
				ASSETCATALOG_COMPILER_LAUNCHIMAGE_NAME = LaunchImage;
				FRAMEWORK_SEARCH_PATHS = (
					"$(inherited)",
					"$(PROJECT_DIR)",
				);
				GCC_PRECOMPILE_PREFIX_HEADER = YES;
				GCC_PREFIX_HEADER = "Farkle/Farkle-Prefix.pch";
				INFOPLIST_FILE = "Farkle/Farkle-Info.plist";
				PRODUCT_NAME = "$(TARGET_NAME)";
				WRAPPER_EXTENSION = app;
			};
			name = Debug;
		};
		F93702B81989710C006080C8 /* Release */ = {
			isa = XCBuildConfiguration;
			buildSettings = {
				ASSETCATALOG_COMPILER_APPICON_NAME = AppIcon;
				ASSETCATALOG_COMPILER_LAUNCHIMAGE_NAME = LaunchImage;
				FRAMEWORK_SEARCH_PATHS = (
					"$(inherited)",
					"$(PROJECT_DIR)",
				);
				GCC_PRECOMPILE_PREFIX_HEADER = YES;
				GCC_PREFIX_HEADER = "Farkle/Farkle-Prefix.pch";
				INFOPLIST_FILE = "Farkle/Farkle-Info.plist";
				PRODUCT_NAME = "$(TARGET_NAME)";
				WRAPPER_EXTENSION = app;
			};
			name = Release;
		};
		F93702BA1989710C006080C8 /* Debug */ = {
			isa = XCBuildConfiguration;
			buildSettings = {
				BUNDLE_LOADER = "$(BUILT_PRODUCTS_DIR)/Farkle.app/Farkle";
				FRAMEWORK_SEARCH_PATHS = (
					"$(SDKROOT)/Developer/Library/Frameworks",
					"$(inherited)",
					"$(DEVELOPER_FRAMEWORKS_DIR)",
				);
				GCC_PRECOMPILE_PREFIX_HEADER = YES;
				GCC_PREFIX_HEADER = "Farkle/Farkle-Prefix.pch";
				GCC_PREPROCESSOR_DEFINITIONS = (
					"DEBUG=1",
					"$(inherited)",
				);
				INFOPLIST_FILE = "FarkleTests/FarkleTests-Info.plist";
				PRODUCT_NAME = "$(TARGET_NAME)";
				TEST_HOST = "$(BUNDLE_LOADER)";
				WRAPPER_EXTENSION = xctest;
			};
			name = Debug;
		};
		F93702BB1989710C006080C8 /* Release */ = {
			isa = XCBuildConfiguration;
			buildSettings = {
				BUNDLE_LOADER = "$(BUILT_PRODUCTS_DIR)/Farkle.app/Farkle";
				FRAMEWORK_SEARCH_PATHS = (
					"$(SDKROOT)/Developer/Library/Frameworks",
					"$(inherited)",
					"$(DEVELOPER_FRAMEWORKS_DIR)",
				);
				GCC_PRECOMPILE_PREFIX_HEADER = YES;
				GCC_PREFIX_HEADER = "Farkle/Farkle-Prefix.pch";
				INFOPLIST_FILE = "FarkleTests/FarkleTests-Info.plist";
				PRODUCT_NAME = "$(TARGET_NAME)";
				TEST_HOST = "$(BUNDLE_LOADER)";
				WRAPPER_EXTENSION = xctest;
			};
			name = Release;
		};
/* End XCBuildConfiguration section */

/* Begin XCConfigurationList section */
		F937027F1989710C006080C8 /* Build configuration list for PBXProject "Farkle" */ = {
			isa = XCConfigurationList;
			buildConfigurations = (
				F93702B41989710C006080C8 /* Debug */,
				F93702B51989710C006080C8 /* Release */,
			);
			defaultConfigurationIsVisible = 0;
			defaultConfigurationName = Release;
		};
		F93702B61989710C006080C8 /* Build configuration list for PBXNativeTarget "Farkle" */ = {
			isa = XCConfigurationList;
			buildConfigurations = (
				F93702B71989710C006080C8 /* Debug */,
				F93702B81989710C006080C8 /* Release */,
			);
			defaultConfigurationIsVisible = 0;
		};
		F93702B91989710C006080C8 /* Build configuration list for PBXNativeTarget "FarkleTests" */ = {
			isa = XCConfigurationList;
			buildConfigurations = (
				F93702BA1989710C006080C8 /* Debug */,
				F93702BB1989710C006080C8 /* Release */,
			);
			defaultConfigurationIsVisible = 0;
		};
/* End XCConfigurationList section */
	};
	rootObject = F937027C1989710C006080C8 /* Project object */;
}
